
Microsoft Visual Studio Solution File, Format Version 12.00
# Visual Studio Version 16
VisualStudioVersion = 16.0.32228.343
MinimumVisualStudioVersion = 10.0.40219.1
Project("{FAE04EC0-301F-11D3-BF4B-00C04F79EFBC}") = "FoodTok.Android", "FoodTok\FoodTok.Android\FoodTok.Android.csproj", "{80374296-FC07-4611-BFDE-6098B1E59373}"
EndProject
Project("{FAE04EC0-301F-11D3-BF4B-00C04F79EFBC}") = "FoodTok", "FoodTok\FoodTok\FoodTok.csproj", "{8FE5B311-5FFF-4A7A-B1A8-F3B993C4DFA3}"
EndProject
Global
	GlobalSection(SolutionConfigurationPlatforms) = preSolution
		Debug|Any CPU = Debug|Any CPU
		Release|Any CPU = Release|Any CPU
	EndGlobalSection
	GlobalSection(ProjectConfigurationPlatforms) = postSolution
		{80374296-FC07-4611-BFDE-6098B1E59373}.Debug|Any CPU.ActiveCfg = Debug|Any CPU
		{80374296-FC07-4611-BFDE-6098B1E59373}.Debug|Any CPU.Build.0 = Debug|Any CPU
		{80374296-FC07-4611-BFDE-6098B1E59373}.Debug|Any CPU.Deploy.0 = Debug|Any CPU
		{80374296-FC07-4611-BFDE-6098B1E59373}.Release|Any CPU.ActiveCfg = Release|Any CPU
		{80374296-FC07-4611-BFDE-6098B1E59373}.Release|Any CPU.Build.0 = Release|Any CPU
		{80374296-FC07-4611-BFDE-6098B1E59373}.Release|Any CPU.Deploy.0 = Release|Any CPU
		{8FE5B311-5FFF-4A7A-B1A8-F3B993C4DFA3}.Debug|Any CPU.ActiveCfg = Debug|Any CPU
		{8FE5B311-5FFF-4A7A-B1A8-F3B993C4DFA3}.Debug|Any CPU.Build.0 = Debug|Any CPU
		{8FE5B311-5FFF-4A7A-B1A8-F3B993C4DFA3}.Debug|Any CPU.Deploy.0 = Debug|Any CPU
		{8FE5B311-5FFF-4A7A-B1A8-F3B993C4DFA3}.Release|Any CPU.ActiveCfg = Release|Any CPU
		{8FE5B311-5FFF-4A7A-B1A8-F3B993C4DFA3}.Release|Any CPU.Build.0 = Release|Any CPU
		{8FE5B311-5FFF-4A7A-B1A8-F3B993C4DFA3}.Release|Any CPU.Deploy.0 = Release|Any CPU
	EndGlobalSection
	GlobalSection(SolutionProperties) = preSolution
		HideSolutionNode = FALSE
	EndGlobalSection
	GlobalSection(ExtensibilityGlobals) = postSolution
		SolutionGuid = {3A78DA10-AF0C-45C5-8800-FEFE34EAD31E}
	EndGlobalSection
EndGlobal
